// !$*UTF8*$!
{
	archiveVersion = 1;
	classes = {
	};
	objectVersion = 46;
	objects = {

/* Begin PBXBuildFile section */
		0BE7B4131AAC2EAA00DD2825 /* CustomTabBarController.swift in Sources */ = {isa = PBXBuildFile; fileRef = 0BE7B4121AAC2EAA00DD2825 /* CustomTabBarController.swift */; };
		0BE7B4151AAC42C900DD2825 /* Time.swift in Sources */ = {isa = PBXBuildFile; fileRef = 0BE7B4141AAC42C900DD2825 /* Time.swift */; };
		1D36EFAC1AA61A5E00390A84 /* ScheduleEditorViewController.swift in Sources */ = {isa = PBXBuildFile; fileRef = 1D36EFAB1AA61A5E00390A84 /* ScheduleEditorViewController.swift */; };
		1D36EFAE1AA622F000390A84 /* Schedule.swift in Sources */ = {isa = PBXBuildFile; fileRef = 1D36EFAD1AA622F000390A84 /* Schedule.swift */; };
		1DC416071AA483C100A524F2 /* Student.swift in Sources */ = {isa = PBXBuildFile; fileRef = 1DC416061AA483C100A524F2 /* Student.swift */; };
		1DC4160D1AA4871700A524F2 /* StudentListViewController.swift in Sources */ = {isa = PBXBuildFile; fileRef = 1DC4160C1AA4871700A524F2 /* StudentListViewController.swift */; };
		1DC4160F1AA4876300A524F2 /* StudentEditorViewController.swift in Sources */ = {isa = PBXBuildFile; fileRef = 1DC4160E1AA4876300A524F2 /* StudentEditorViewController.swift */; };
		1DC416111AA492A600A524F2 /* ScheduleViewController.swift in Sources */ = {isa = PBXBuildFile; fileRef = 1DC416101AA492A600A524F2 /* ScheduleViewController.swift */; };
		B3634CD31A9E07C400D35A79 /* AppDelegate.swift in Sources */ = {isa = PBXBuildFile; fileRef = B3634CD21A9E07C400D35A79 /* AppDelegate.swift */; };
		B3634CD51A9E07C500D35A79 /* ViewController.swift in Sources */ = {isa = PBXBuildFile; fileRef = B3634CD41A9E07C500D35A79 /* ViewController.swift */; };
		B3634CD81A9E07C500D35A79 /* Main.storyboard in Resources */ = {isa = PBXBuildFile; fileRef = B3634CD61A9E07C500D35A79 /* Main.storyboard */; };
		B3634CDA1A9E07C500D35A79 /* Images.xcassets in Resources */ = {isa = PBXBuildFile; fileRef = B3634CD91A9E07C500D35A79 /* Images.xcassets */; };
		B3634CDD1A9E07C500D35A79 /* LaunchScreen.xib in Resources */ = {isa = PBXBuildFile; fileRef = B3634CDB1A9E07C500D35A79 /* LaunchScreen.xib */; };
		B3634CE91A9E07C500D35A79 /* ScheduleViewerTests.swift in Sources */ = {isa = PBXBuildFile; fileRef = B3634CE81A9E07C500D35A79 /* ScheduleViewerTests.swift */; };
/* End PBXBuildFile section */

/* Begin PBXContainerItemProxy section */
		B3634CE31A9E07C500D35A79 /* PBXContainerItemProxy */ = {
			isa = PBXContainerItemProxy;
			containerPortal = B3634CC51A9E07C400D35A79 /* Project object */;
			proxyType = 1;
			remoteGlobalIDString = B3634CCC1A9E07C400D35A79;
			remoteInfo = ScheduleViewer;
		};
/* End PBXContainerItemProxy section */

/* Begin PBXFileReference section */
		0BE7B4121AAC2EAA00DD2825 /* CustomTabBarController.swift */ = {isa = PBXFileReference; fileEncoding = 4; lastKnownFileType = sourcecode.swift; path = CustomTabBarController.swift; sourceTree = "<group>"; };
		0BE7B4141AAC42C900DD2825 /* Time.swift */ = {isa = PBXFileReference; fileEncoding = 4; lastKnownFileType = sourcecode.swift; path = Time.swift; sourceTree = "<group>"; };
		1D36EFAB1AA61A5E00390A84 /* ScheduleEditorViewController.swift */ = {isa = PBXFileReference; fileEncoding = 4; lastKnownFileType = sourcecode.swift; path = ScheduleEditorViewController.swift; sourceTree = "<group>"; };
		1D36EFAD1AA622F000390A84 /* Schedule.swift */ = {isa = PBXFileReference; fileEncoding = 4; lastKnownFileType = sourcecode.swift; path = Schedule.swift; sourceTree = "<group>"; };
		1DC416061AA483C100A524F2 /* Student.swift */ = {isa = PBXFileReference; fileEncoding = 4; lastKnownFileType = sourcecode.swift; path = Student.swift; sourceTree = "<group>"; };
		1DC4160C1AA4871700A524F2 /* StudentListViewController.swift */ = {isa = PBXFileReference; fileEncoding = 4; lastKnownFileType = sourcecode.swift; path = StudentListViewController.swift; sourceTree = "<group>"; };
		1DC4160E1AA4876300A524F2 /* StudentEditorViewController.swift */ = {isa = PBXFileReference; fileEncoding = 4; lastKnownFileType = sourcecode.swift; path = StudentEditorViewController.swift; sourceTree = "<group>"; };
		1DC416101AA492A600A524F2 /* ScheduleViewController.swift */ = {isa = PBXFileReference; fileEncoding = 4; lastKnownFileType = sourcecode.swift; path = ScheduleViewController.swift; sourceTree = "<group>"; };
		B3634CCD1A9E07C400D35A79 /* ScheduleViewer.app */ = {isa = PBXFileReference; explicitFileType = wrapper.application; includeInIndex = 0; path = ScheduleViewer.app; sourceTree = BUILT_PRODUCTS_DIR; };
		B3634CD11A9E07C400D35A79 /* Info.plist */ = {isa = PBXFileReference; lastKnownFileType = text.plist.xml; path = Info.plist; sourceTree = "<group>"; };
		B3634CD21A9E07C400D35A79 /* AppDelegate.swift */ = {isa = PBXFileReference; lastKnownFileType = sourcecode.swift; path = AppDelegate.swift; sourceTree = "<group>"; };
		B3634CD41A9E07C500D35A79 /* ViewController.swift */ = {isa = PBXFileReference; lastKnownFileType = sourcecode.swift; path = ViewController.swift; sourceTree = "<group>"; };
		B3634CD71A9E07C500D35A79 /* Base */ = {isa = PBXFileReference; lastKnownFileType = file.storyboard; name = Base; path = Base.lproj/Main.storyboard; sourceTree = "<group>"; };
		B3634CD91A9E07C500D35A79 /* Images.xcassets */ = {isa = PBXFileReference; lastKnownFileType = folder.assetcatalog; path = Images.xcassets; sourceTree = "<group>"; };
		B3634CDC1A9E07C500D35A79 /* Base */ = {isa = PBXFileReference; lastKnownFileType = file.xib; name = Base; path = Base.lproj/LaunchScreen.xib; sourceTree = "<group>"; };
		B3634CE21A9E07C500D35A79 /* ScheduleViewerTests.xctest */ = {isa = PBXFileReference; explicitFileType = wrapper.cfbundle; includeInIndex = 0; path = ScheduleViewerTests.xctest; sourceTree = BUILT_PRODUCTS_DIR; };
		B3634CE71A9E07C500D35A79 /* Info.plist */ = {isa = PBXFileReference; lastKnownFileType = text.plist.xml; path = Info.plist; sourceTree = "<group>"; };
		B3634CE81A9E07C500D35A79 /* ScheduleViewerTests.swift */ = {isa = PBXFileReference; lastKnownFileType = sourcecode.swift; path = ScheduleViewerTests.swift; sourceTree = "<group>"; };
/* End PBXFileReference section */

/* Begin PBXFrameworksBuildPhase section */
		B3634CCA1A9E07C400D35A79 /* Frameworks */ = {
			isa = PBXFrameworksBuildPhase;
			buildActionMask = 2147483647;
			files = (
			);
			runOnlyForDeploymentPostprocessing = 0;
		};
		B3634CDF1A9E07C500D35A79 /* Frameworks */ = {
			isa = PBXFrameworksBuildPhase;
			buildActionMask = 2147483647;
			files = (
			);
			runOnlyForDeploymentPostprocessing = 0;
		};
/* End PBXFrameworksBuildPhase section */

/* Begin PBXGroup section */
		B3634CC41A9E07C400D35A79 = {
			isa = PBXGroup;
			children = (
				B3634CCF1A9E07C400D35A79 /* ScheduleViewer */,
				B3634CE51A9E07C500D35A79 /* ScheduleViewerTests */,
				B3634CCE1A9E07C400D35A79 /* Products */,
			);
			sourceTree = "<group>";
		};
		B3634CCE1A9E07C400D35A79 /* Products */ = {
			isa = PBXGroup;
			children = (
				B3634CCD1A9E07C400D35A79 /* ScheduleViewer.app */,
				B3634CE21A9E07C500D35A79 /* ScheduleViewerTests.xctest */,
			);
			name = Products;
			sourceTree = "<group>";
		};
		B3634CCF1A9E07C400D35A79 /* ScheduleViewer */ = {
			isa = PBXGroup;
			children = (
				B3634CD21A9E07C400D35A79 /* AppDelegate.swift */,
				B3634CD41A9E07C500D35A79 /* ViewController.swift */,
				B3634CD61A9E07C500D35A79 /* Main.storyboard */,
				0BE7B4121AAC2EAA00DD2825 /* CustomTabBarController.swift */,
				1D36EFAB1AA61A5E00390A84 /* ScheduleEditorViewController.swift */,
				1DC416101AA492A600A524F2 /* ScheduleViewController.swift */,
				1DC4160C1AA4871700A524F2 /* StudentListViewController.swift */,
				1DC416061AA483C100A524F2 /* Student.swift */,
				1D36EFAD1AA622F000390A84 /* Schedule.swift */,
				0BE7B4141AAC42C900DD2825 /* Time.swift */,
				1DC4160E1AA4876300A524F2 /* StudentEditorViewController.swift */,
				B3634CD91A9E07C500D35A79 /* Images.xcassets */,
				B3634CDB1A9E07C500D35A79 /* LaunchScreen.xib */,
				B3634CD01A9E07C400D35A79 /* Supporting Files */,
			);
			path = ScheduleViewer;
			sourceTree = "<group>";
		};
		B3634CD01A9E07C400D35A79 /* Supporting Files */ = {
			isa = PBXGroup;
			children = (
				B3634CD11A9E07C400D35A79 /* Info.plist */,
			);
			name = "Supporting Files";
			sourceTree = "<group>";
		};
		B3634CE51A9E07C500D35A79 /* ScheduleViewerTests */ = {
			isa = PBXGroup;
			children = (
				B3634CE81A9E07C500D35A79 /* ScheduleViewerTests.swift */,
				B3634CE61A9E07C500D35A79 /* Supporting Files */,
			);
			path = ScheduleViewerTests;
			sourceTree = "<group>";
		};
		B3634CE61A9E07C500D35A79 /* Supporting Files */ = {
			isa = PBXGroup;
			children = (
				B3634CE71A9E07C500D35A79 /* Info.plist */,
			);
			name = "Supporting Files";
			sourceTree = "<group>";
		};
/* End PBXGroup section */

/* Begin PBXNativeTarget section */
		B3634CCC1A9E07C400D35A79 /* ScheduleViewer */ = {
			isa = PBXNativeTarget;
			buildConfigurationList = B3634CEC1A9E07C500D35A79 /* Build configuration list for PBXNativeTarget "ScheduleViewer" */;
			buildPhases = (
				B3634CC91A9E07C400D35A79 /* Sources */,
				B3634CCA1A9E07C400D35A79 /* Frameworks */,
				B3634CCB1A9E07C400D35A79 /* Resources */,
			);
			buildRules = (
			);
			dependencies = (
			);
			name = ScheduleViewer;
			productName = ScheduleViewer;
			productReference = B3634CCD1A9E07C400D35A79 /* ScheduleViewer.app */;
			productType = "com.apple.product-type.application";
		};
		B3634CE11A9E07C500D35A79 /* ScheduleViewerTests */ = {
			isa = PBXNativeTarget;
			buildConfigurationList = B3634CEF1A9E07C500D35A79 /* Build configuration list for PBXNativeTarget "ScheduleViewerTests" */;
			buildPhases = (
				B3634CDE1A9E07C500D35A79 /* Sources */,
				B3634CDF1A9E07C500D35A79 /* Frameworks */,
				B3634CE01A9E07C500D35A79 /* Resources */,
			);
			buildRules = (
			);
			dependencies = (
				B3634CE41A9E07C500D35A79 /* PBXTargetDependency */,
			);
			name = ScheduleViewerTests;
			productName = ScheduleViewerTests;
			productReference = B3634CE21A9E07C500D35A79 /* ScheduleViewerTests.xctest */;
			productType = "com.apple.product-type.bundle.unit-test";
		};
/* End PBXNativeTarget section */

/* Begin PBXProject section */
		B3634CC51A9E07C400D35A79 /* Project object */ = {
			isa = PBXProject;
			attributes = {
				LastUpgradeCheck = 0610;
				ORGANIZATIONNAME = "Ateneo de Manila University";
				TargetAttributes = {
					B3634CCC1A9E07C400D35A79 = {
						CreatedOnToolsVersion = 6.1.1;
					};
					B3634CE11A9E07C500D35A79 = {
						CreatedOnToolsVersion = 6.1.1;
						TestTargetID = B3634CCC1A9E07C400D35A79;
					};
				};
			};
			buildConfigurationList = B3634CC81A9E07C400D35A79 /* Build configuration list for PBXProject "ScheduleViewer" */;
			compatibilityVersion = "Xcode 3.2";
			developmentRegion = English;
			hasScannedForEncodings = 0;
			knownRegions = (
				en,
				Base,
			);
			mainGroup = B3634CC41A9E07C400D35A79;
			productRefGroup = B3634CCE1A9E07C400D35A79 /* Products */;
			projectDirPath = "";
			projectRoot = "";
			targets = (
				B3634CCC1A9E07C400D35A79 /* ScheduleViewer */,
				B3634CE11A9E07C500D35A79 /* ScheduleViewerTests */,
			);
		};
/* End PBXProject section */

/* Begin PBXResourcesBuildPhase section */
		B3634CCB1A9E07C400D35A79 /* Resources */ = {
			isa = PBXResourcesBuildPhase;
			buildActionMask = 2147483647;
			files = (
				B3634CD81A9E07C500D35A79 /* Main.storyboard in Resources */,
				B3634CDD1A9E07C500D35A79 /* LaunchScreen.xib in Resources */,
				B3634CDA1A9E07C500D35A79 /* Images.xcassets in Resources */,
			);
			runOnlyForDeploymentPostprocessing = 0;
		};
		B3634CE01A9E07C500D35A79 /* Resources */ = {
			isa = PBXResourcesBuildPhase;
			buildActionMask = 2147483647;
			files = (
			);
			runOnlyForDeploymentPostprocessing = 0;
		};
/* End PBXResourcesBuildPhase section */

/* Begin PBXSourcesBuildPhase section */
		B3634CC91A9E07C400D35A79 /* Sources */ = {
			isa = PBXSourcesBuildPhase;
			buildActionMask = 2147483647;
			files = (
				1DC4160D1AA4871700A524F2 /* StudentListViewController.swift in Sources */,
				B3634CD51A9E07C500D35A79 /* ViewController.swift in Sources */,
				0BE7B4151AAC42C900DD2825 /* Time.swift in Sources */,
				1D36EFAC1AA61A5E00390A84 /* ScheduleEditorViewController.swift in Sources */,
				1DC416071AA483C100A524F2 /* Student.swift in Sources */,
				1DC416111AA492A600A524F2 /* ScheduleViewController.swift in Sources */,
				B3634CD31A9E07C400D35A79 /* AppDelegate.swift in Sources */,
				1D36EFAE1AA622F000390A84 /* Schedule.swift in Sources */,
				1DC4160F1AA4876300A524F2 /* StudentEditorViewController.swift in Sources */,
				0BE7B4131AAC2EAA00DD2825 /* CustomTabBarController.swift in Sources */,
			);
			runOnlyForDeploymentPostprocessing = 0;
		};
		B3634CDE1A9E07C500D35A79 /* Sources */ = {
			isa = PBXSourcesBuildPhase;
			buildActionMask = 2147483647;
			files = (
				B3634CE91A9E07C500D35A79 /* ScheduleViewerTests.swift in Sources */,
			);
			runOnlyForDeploymentPostprocessing = 0;
		};
/* End PBXSourcesBuildPhase section */

/* Begin PBXTargetDependency section */
		B3634CE41A9E07C500D35A79 /* PBXTargetDependency */ = {
			isa = PBXTargetDependency;
			target = B3634CCC1A9E07C400D35A79 /* ScheduleViewer */;
			targetProxy = B3634CE31A9E07C500D35A79 /* PBXContainerItemProxy */;
		};
/* End PBXTargetDependency section */

/* Begin PBXVariantGroup section */
		B3634CD61A9E07C500D35A79 /* Main.storyboard */ = {
			isa = PBXVariantGroup;
			children = (
				B3634CD71A9E07C500D35A79 /* Base */,
			);
			name = Main.storyboard;
			sourceTree = "<group>";
		};
		B3634CDB1A9E07C500D35A79 /* LaunchScreen.xib */ = {
			isa = PBXVariantGroup;
			children = (
				B3634CDC1A9E07C500D35A79 /* Base */,
			);
			name = LaunchScreen.xib;
			sourceTree = "<group>";
		};
/* End PBXVariantGroup section */

/* Begin XCBuildConfiguration section */
		B3634CEA1A9E07C500D35A79 /* Debug */ = {
			isa = XCBuildConfiguration;
			buildSettings = {
				ALWAYS_SEARCH_USER_PATHS = NO;
				CLANG_CXX_LANGUAGE_STANDARD = "gnu++0x";
				CLANG_CXX_LIBRARY = "libc++";
				CLANG_ENABLE_MODULES = YES;
				CLANG_ENABLE_OBJC_ARC = YES;
				CLANG_WARN_BOOL_CONVERSION = YES;
				CLANG_WARN_CONSTANT_CONVERSION = YES;
				CLANG_WARN_DIRECT_OBJC_ISA_USAGE = YES_ERROR;
				CLANG_WARN_EMPTY_BODY = YES;
				CLANG_WARN_ENUM_CONVERSION = YES;
				CLANG_WARN_INT_CONVERSION = YES;
				CLANG_WARN_OBJC_ROOT_CLASS = YES_ERROR;
				CLANG_WARN_UNREACHABLE_CODE = YES;
				CLANG_WARN__DUPLICATE_METHOD_MATCH = YES;
				"CODE_SIGN_IDENTITY[sdk=iphoneos*]" = "iPhone Developer";
				COPY_PHASE_STRIP = NO;
				ENABLE_STRICT_OBJC_MSGSEND = YES;
				GCC_C_LANGUAGE_STANDARD = gnu99;
				GCC_DYNAMIC_NO_PIC = NO;
				GCC_OPTIMIZATION_LEVEL = 0;
				GCC_PREPROCESSOR_DEFINITIONS = (
					"DEBUG=1",
					"$(inherited)",
				);
				GCC_SYMBOLS_PRIVATE_EXTERN = NO;
				GCC_WARN_64_TO_32_BIT_CONVERSION = YES;
				GCC_WARN_ABOUT_RETURN_TYPE = YES_ERROR;
				GCC_WARN_UNDECLARED_SELECTOR = YES;
				GCC_WARN_UNINITIALIZED_AUTOS = YES_AGGRESSIVE;
				GCC_WARN_UNUSED_FUNCTION = YES;
				GCC_WARN_UNUSED_VARIABLE = YES;
				IPHONEOS_DEPLOYMENT_TARGET = 8.1;
				MTL_ENABLE_DEBUG_INFO = YES;
				ONLY_ACTIVE_ARCH = YES;
				SDKROOT = iphoneos;
				SWIFT_OPTIMIZATION_LEVEL = "-Onone";
				TARGETED_DEVICE_FAMILY = "1,2";
			};
			name = Debug;
		};
		B3634CEB1A9E07C500D35A79 /* Release */ = {
			isa = XCBuildConfiguration;
			buildSettings = {
				ALWAYS_SEARCH_USER_PATHS = NO;
				CLANG_CXX_LANGUAGE_STANDARD = "gnu++0x";
				CLANG_CXX_LIBRARY = "libc++";
				CLANG_ENABLE_MODULES = YES;
				CLANG_ENABLE_OBJC_ARC = YES;
				CLANG_WARN_BOOL_CONVERSION = YES;
				CLANG_WARN_CONSTANT_CONVERSION = YES;
				CLANG_WARN_DIRECT_OBJC_ISA_USAGE = YES_ERROR;
				CLANG_WARN_EMPTY_BODY = YES;
				CLANG_WARN_ENUM_CONVERSION = YES;
				CLANG_WARN_INT_CONVERSION = YES;
				CLANG_WARN_OBJC_ROOT_CLASS = YES_ERROR;
				CLANG_WARN_UNREACHABLE_CODE = YES;
				CLANG_WARN__DUPLICATE_METHOD_MATCH = YES;
				"CODE_SIGN_IDENTITY[sdk=iphoneos*]" = "iPhone Developer";
				COPY_PHASE_STRIP = YES;
				ENABLE_NS_ASSERTIONS = NO;
				ENABLE_STRICT_OBJC_MSGSEND = YES;
				GCC_C_LANGUAGE_STANDARD = gnu99;
				GCC_WARN_64_TO_32_BIT_CONVERSION = YES;
				GCC_WARN_ABOUT_RETURN_TYPE = YES_ERROR;
				GCC_WARN_UNDECLARED_SELECTOR = YES;
				GCC_WARN_UNINITIALIZED_AUTOS = YES_AGGRESSIVE;
				GCC_WARN_UNUSED_FUNCTION = YES;
				GCC_WARN_UNUSED_VARIABLE = YES;
				IPHONEOS_DEPLOYMENT_TARGET = 8.1;
				MTL_ENABLE_DEBUG_INFO = NO;
				SDKROOT = iphoneos;
				TARGETED_DEVICE_FAMILY = "1,2";
				VALIDATE_PRODUCT = YES;
			};
			name = Release;
		};
		B3634CED1A9E07C500D35A79 /* Debug */ = {
			isa = XCBuildConfiguration;
			buildSettings = {
				ASSETCATALOG_COMPILER_APPICON_NAME = AppIcon;
				INFOPLIST_FILE = ScheduleViewer/Info.plist;
				LD_RUNPATH_SEARCH_PATHS = "$(inherited) @executable_path/Frameworks";
				PRODUCT_NAME = "$(TARGET_NAME)";
			};
			name = Debug;
		};
		B3634CEE1A9E07C500D35A79 /* Release */ = {
			isa = XCBuildConfiguration;
			buildSettings = {
				ASSETCATALOG_COMPILER_APPICON_NAME = AppIcon;
				INFOPLIST_FILE = ScheduleViewer/Info.plist;
				LD_RUNPATH_SEARCH_PATHS = "$(inherited) @executable_path/Frameworks";
				PRODUCT_NAME = "$(TARGET_NAME)";
			};
			name = Release;
		};
		B3634CF01A9E07C500D35A79 /* Debug */ = {
			isa = XCBuildConfiguration;
			buildSettings = {
				BUNDLE_LOADER = "$(TEST_HOST)";
				FRAMEWORK_SEARCH_PATHS = (
					"$(SDKROOT)/Developer/Library/Frameworks",
					"$(inherited)",
				);
				GCC_PREPROCESSOR_DEFINITIONS = (
					"DEBUG=1",
					"$(inherited)",
				);
				INFOPLIST_FILE = ScheduleViewerTests/Info.plist;
				LD_RUNPATH_SEARCH_PATHS = "$(inherited) @executable_path/Frameworks @loader_path/Frameworks";
				PRODUCT_NAME = "$(TARGET_NAME)";
				TEST_HOST = "$(BUILT_PRODUCTS_DIR)/ScheduleViewer.app/ScheduleViewer";
			};
			name = Debug;
		};
		B3634CF11A9E07C500D35A79 /* Release */ = {
			isa = XCBuildConfiguration;
			buildSettings = {
				BUNDLE_LOADER = "$(TEST_HOST)";
				FRAMEWORK_SEARCH_PATHS = (
					"$(SDKROOT)/Developer/Library/Frameworks",
					"$(inherited)",
				);
				INFOPLIST_FILE = ScheduleViewerTests/Info.plist;
				LD_RUNPATH_SEARCH_PATHS = "$(inherited) @executable_path/Frameworks @loader_path/Frameworks";
				PRODUCT_NAME = "$(TARGET_NAME)";
				TEST_HOST = "$(BUILT_PRODUCTS_DIR)/ScheduleViewer.app/ScheduleViewer";
			};
			name = Release;
		};
/* End XCBuildConfiguration section */

/* Begin XCConfigurationList section */
		B3634CC81A9E07C400D35A79 /* Build configuration list for PBXProject "ScheduleViewer" */ = {
			isa = XCConfigurationList;
			buildConfigurations = (
				B3634CEA1A9E07C500D35A79 /* Debug */,
				B3634CEB1A9E07C500D35A79 /* Release */,
			);
			defaultConfigurationIsVisible = 0;
			defaultConfigurationName = Release;
		};
		B3634CEC1A9E07C500D35A79 /* Build configuration list for PBXNativeTarget "ScheduleViewer" */ = {
			isa = XCConfigurationList;
			buildConfigurations = (
				B3634CED1A9E07C500D35A79 /* Debug */,
				B3634CEE1A9E07C500D35A79 /* Release */,
			);
			defaultConfigurationIsVisible = 0;
			defaultConfigurationName = Release;
		};
		B3634CEF1A9E07C500D35A79 /* Build configuration list for PBXNativeTarget "ScheduleViewerTests" */ = {
			isa = XCConfigurationList;
			buildConfigurations = (
				B3634CF01A9E07C500D35A79 /* Debug */,
				B3634CF11A9E07C500D35A79 /* Release */,
			);
			defaultConfigurationIsVisible = 0;
			defaultConfigurationName = Release;
		};
/* End XCConfigurationList section */
	};
	rootObject = B3634CC51A9E07C400D35A79 /* Project object */;
}
